
Microsoft Visual Studio Solution File, Format Version 12.00
# Visual Studio Version 17
VisualStudioVersion = 17.8.34219.65
MinimumVisualStudioVersion = 10.0.40219.1
Project("{FAE04EC0-301F-11D3-BF4B-00C04F79EFBC}") = "EducareApi.Server", "EducareApi.Server\EducareApi.Server.csproj", "{213219F3-FA37-4623-BBFB-04587DD2A38D}"
EndProject
Project("{54A90642-561A-4BB1-A94E-469ADEE60C69}") = "educareapi.client", "educareapi.client\educareapi.client.esproj", "{A80F1F2D-AB5F-40E2-8090-EE9C0F29A39C}"
EndProject
Global
	GlobalSection(SolutionConfigurationPlatforms) = preSolution
		Debug|Any CPU = Debug|Any CPU
		Release|Any CPU = Release|Any CPU
	EndGlobalSection
	GlobalSection(ProjectConfigurationPlatforms) = postSolution
		{213219F3-FA37-4623-BBFB-04587DD2A38D}.Debug|Any CPU.ActiveCfg = Debug|Any CPU
		{213219F3-FA37-4623-BBFB-04587DD2A38D}.Debug|Any CPU.Build.0 = Debug|Any CPU
		{213219F3-FA37-4623-BBFB-04587DD2A38D}.Release|Any CPU.ActiveCfg = Release|Any CPU
		{213219F3-FA37-4623-BBFB-04587DD2A38D}.Release|Any CPU.Build.0 = Release|Any CPU
		{A80F1F2D-AB5F-40E2-8090-EE9C0F29A39C}.Debug|Any CPU.ActiveCfg = Debug|Any CPU
		{A80F1F2D-AB5F-40E2-8090-EE9C0F29A39C}.Debug|Any CPU.Build.0 = Debug|Any CPU
		{A80F1F2D-AB5F-40E2-8090-EE9C0F29A39C}.Debug|Any CPU.Deploy.0 = Debug|Any CPU
		{A80F1F2D-AB5F-40E2-8090-EE9C0F29A39C}.Release|Any CPU.ActiveCfg = Release|Any CPU
		{A80F1F2D-AB5F-40E2-8090-EE9C0F29A39C}.Release|Any CPU.Build.0 = Release|Any CPU
		{A80F1F2D-AB5F-40E2-8090-EE9C0F29A39C}.Release|Any CPU.Deploy.0 = Release|Any CPU
	EndGlobalSection
	GlobalSection(SolutionProperties) = preSolution
		HideSolutionNode = FALSE
	EndGlobalSection
	GlobalSection(ExtensibilityGlobals) = postSolution
		SolutionGuid = {90F7A1BA-1F06-4A23-975A-B3FDA8E1F69E}
	EndGlobalSection
EndGlobal
